{
  "lockfileVersion": 1,
  "workspaces": {
    "": {
      "name": "secure-local-storage",
      "dependencies": {
        "argon2-browser": "^1.18.0",
      },
      "devDependencies": {
        "@types/node": "^20.11.30",
        "fake-indexeddb": "^6.0.1",
        "typescript": "^5.5.4",
      },
    },
  },
  "packages": {
    "@types/node": ["@types/node@20.19.17", "", { "dependencies": { "undici-types": "~6.21.0" } }, "sha512-gfehUI8N1z92kygssiuWvLiwcbOB3IRktR6hTDgJlXMYh5OvkPSRmgfoBUmfZt+vhwJtX7v1Yw4KvvAf7c5QKQ=="],

    "argon2-browser": ["argon2-browser@1.18.0", "", {}, "sha512-ImVAGIItnFnvET1exhsQB7apRztcoC5TnlSqernMJDUjbc/DLq3UEYeXFrLPrlaIl8cVfwnXb6wX2KpFf2zxHw=="],

    "fake-indexeddb": ["fake-indexeddb@6.2.2", "", {}, "sha512-SGbf7fzjeHz3+12NO1dYigcYn4ivviaeULV5yY5rdGihBvvgwMds4r4UBbNIUMwkze57KTDm32rq3j1Az8mzEw=="],

    "typescript": ["typescript@5.9.2", "", { "bin": { "tsc": "bin/tsc", "tsserver": "bin/tsserver" } }, "sha512-CWBzXQrc/qOkhidw1OzBTQuYRbfyxDXJMVJ1XNwUHGROVmuaeiEm3OslpZ1RV96d7SKKjZKrSJu3+t/xlw3R9A=="],

    "undici-types": ["undici-types@6.21.0", "", {}, "sha512-iwDZqg0QAGrg9Rav5H4n0M64c3mkR59cJ6wQp+7C4nI0gsmExaedaYLNO44eT4AtBBwjbTiGPMlt2Md0T9H9JQ=="],
  }
}
